// !$*UTF8*$!
{
	archiveVersion = 1;
	classes = {
	};
	objectVersion = 50;
	objects = {

/* Begin PBXBuildFile section */
		59544B1923223189002309CD /* AppDelegate.swift in Sources */ = {isa = PBXBuildFile; fileRef = 59544B1823223189002309CD /* AppDelegate.swift */; };
		59544B1B23223189002309CD /* ViewController.swift in Sources */ = {isa = PBXBuildFile; fileRef = 59544B1A23223189002309CD /* ViewController.swift */; };
		59544B1E23223189002309CD /* Main.storyboard in Resources */ = {isa = PBXBuildFile; fileRef = 59544B1C23223189002309CD /* Main.storyboard */; };
		59544B2123223189002309CD /* Ambitions.xcdatamodeld in Sources */ = {isa = PBXBuildFile; fileRef = 59544B1F23223189002309CD /* Ambitions.xcdatamodeld */; };
		59544B232322318C002309CD /* Assets.xcassets in Resources */ = {isa = PBXBuildFile; fileRef = 59544B222322318C002309CD /* Assets.xcassets */; };
		59544B262322318C002309CD /* LaunchScreen.storyboard in Resources */ = {isa = PBXBuildFile; fileRef = 59544B242322318C002309CD /* LaunchScreen.storyboard */; };
		59544B312322318C002309CD /* AmbitionsTests.swift in Sources */ = {isa = PBXBuildFile; fileRef = 59544B302322318C002309CD /* AmbitionsTests.swift */; };
		59544B3C2322318C002309CD /* AmbitionsUITests.swift in Sources */ = {isa = PBXBuildFile; fileRef = 59544B3B2322318C002309CD /* AmbitionsUITests.swift */; };
		59A54116258A687B005055D7 /* SettingsViewController.swift in Sources */ = {isa = PBXBuildFile; fileRef = 59A54115258A687B005055D7 /* SettingsViewController.swift */; };
		67BC1465C53E2B5D5A0CA4FC /* Pods_Ambitions.framework in Frameworks */ = {isa = PBXBuildFile; fileRef = 2055E0CDE381A6CB0D1E79EA /* Pods_Ambitions.framework */; };
		F03E07834822018422531973 /* Pods_AmbitionsTests.framework in Frameworks */ = {isa = PBXBuildFile; fileRef = E8F2263510FCFDCA9B39F474 /* Pods_AmbitionsTests.framework */; };
		FA065E85E2313C91DC1A3288 /* Pods_Ambitions_AmbitionsUITests.framework in Frameworks */ = {isa = PBXBuildFile; fileRef = 1233893914E3F6F79E54B6DD /* Pods_Ambitions_AmbitionsUITests.framework */; };
/* End PBXBuildFile section */

/* Begin PBXContainerItemProxy section */
		59544B2D2322318C002309CD /* PBXContainerItemProxy */ = {
			isa = PBXContainerItemProxy;
			containerPortal = 59544B0D23223189002309CD /* Project object */;
			proxyType = 1;
			remoteGlobalIDString = 59544B1423223189002309CD;
			remoteInfo = Ambitions;
		};
		59544B382322318C002309CD /* PBXContainerItemProxy */ = {
			isa = PBXContainerItemProxy;
			containerPortal = 59544B0D23223189002309CD /* Project object */;
			proxyType = 1;
			remoteGlobalIDString = 59544B1423223189002309CD;
			remoteInfo = Ambitions;
		};
/* End PBXContainerItemProxy section */

/* Begin PBXFileReference section */
		1233893914E3F6F79E54B6DD /* Pods_Ambitions_AmbitionsUITests.framework */ = {isa = PBXFileReference; explicitFileType = wrapper.framework; includeInIndex = 0; path = Pods_Ambitions_AmbitionsUITests.framework; sourceTree = BUILT_PRODUCTS_DIR; };
		1DA41BE614C511F55607978C /* Pods-Ambitions.release.xcconfig */ = {isa = PBXFileReference; includeInIndex = 1; lastKnownFileType = text.xcconfig; name = "Pods-Ambitions.release.xcconfig"; path = "Target Support Files/Pods-Ambitions/Pods-Ambitions.release.xcconfig"; sourceTree = "<group>"; };
		2055E0CDE381A6CB0D1E79EA /* Pods_Ambitions.framework */ = {isa = PBXFileReference; explicitFileType = wrapper.framework; includeInIndex = 0; path = Pods_Ambitions.framework; sourceTree = BUILT_PRODUCTS_DIR; };
		4D27563A9187D03595BEBDD3 /* Pods-Ambitions-AmbitionsUITests.debug.xcconfig */ = {isa = PBXFileReference; includeInIndex = 1; lastKnownFileType = text.xcconfig; name = "Pods-Ambitions-AmbitionsUITests.debug.xcconfig"; path = "Target Support Files/Pods-Ambitions-AmbitionsUITests/Pods-Ambitions-AmbitionsUITests.debug.xcconfig"; sourceTree = "<group>"; };
		4F9CA28CD56A7100EE25C797 /* Pods-Ambitions.debug.xcconfig */ = {isa = PBXFileReference; includeInIndex = 1; lastKnownFileType = text.xcconfig; name = "Pods-Ambitions.debug.xcconfig"; path = "Target Support Files/Pods-Ambitions/Pods-Ambitions.debug.xcconfig"; sourceTree = "<group>"; };
		59544B1523223189002309CD /* Ambitions.app */ = {isa = PBXFileReference; explicitFileType = wrapper.application; includeInIndex = 0; path = Ambitions.app; sourceTree = BUILT_PRODUCTS_DIR; };
		59544B1823223189002309CD /* AppDelegate.swift */ = {isa = PBXFileReference; lastKnownFileType = sourcecode.swift; path = AppDelegate.swift; sourceTree = "<group>"; };
		59544B1A23223189002309CD /* ViewController.swift */ = {isa = PBXFileReference; lastKnownFileType = sourcecode.swift; path = ViewController.swift; sourceTree = "<group>"; };
		59544B1D23223189002309CD /* Base */ = {isa = PBXFileReference; lastKnownFileType = file.storyboard; name = Base; path = Base.lproj/Main.storyboard; sourceTree = "<group>"; };
		59544B2023223189002309CD /* Ambitions.xcdatamodel */ = {isa = PBXFileReference; lastKnownFileType = wrapper.xcdatamodel; path = Ambitions.xcdatamodel; sourceTree = "<group>"; };
		59544B222322318C002309CD /* Assets.xcassets */ = {isa = PBXFileReference; lastKnownFileType = folder.assetcatalog; path = Assets.xcassets; sourceTree = "<group>"; };
		59544B252322318C002309CD /* Base */ = {isa = PBXFileReference; lastKnownFileType = file.storyboard; name = Base; path = Base.lproj/LaunchScreen.storyboard; sourceTree = "<group>"; };
		59544B272322318C002309CD /* Info.plist */ = {isa = PBXFileReference; lastKnownFileType = text.plist.xml; path = Info.plist; sourceTree = "<group>"; };
		59544B2C2322318C002309CD /* AmbitionsTests.xctest */ = {isa = PBXFileReference; explicitFileType = wrapper.cfbundle; includeInIndex = 0; path = AmbitionsTests.xctest; sourceTree = BUILT_PRODUCTS_DIR; };
		59544B302322318C002309CD /* AmbitionsTests.swift */ = {isa = PBXFileReference; lastKnownFileType = sourcecode.swift; path = AmbitionsTests.swift; sourceTree = "<group>"; };
		59544B322322318C002309CD /* Info.plist */ = {isa = PBXFileReference; lastKnownFileType = text.plist.xml; path = Info.plist; sourceTree = "<group>"; };
		59544B372322318C002309CD /* AmbitionsUITests.xctest */ = {isa = PBXFileReference; explicitFileType = wrapper.cfbundle; includeInIndex = 0; path = AmbitionsUITests.xctest; sourceTree = BUILT_PRODUCTS_DIR; };
		59544B3B2322318C002309CD /* AmbitionsUITests.swift */ = {isa = PBXFileReference; lastKnownFileType = sourcecode.swift; path = AmbitionsUITests.swift; sourceTree = "<group>"; };
		59544B3D2322318C002309CD /* Info.plist */ = {isa = PBXFileReference; lastKnownFileType = text.plist.xml; path = Info.plist; sourceTree = "<group>"; };
		59930909257FD89B00FB27B3 /* Ambitions.entitlements */ = {isa = PBXFileReference; lastKnownFileType = text.plist.entitlements; path = Ambitions.entitlements; sourceTree = "<group>"; };
		59A54115258A687B005055D7 /* SettingsViewController.swift */ = {isa = PBXFileReference; lastKnownFileType = sourcecode.swift; path = SettingsViewController.swift; sourceTree = "<group>"; };
		601299211381557A9B5065CE /* Pods-AmbitionsTests.debug.xcconfig */ = {isa = PBXFileReference; includeInIndex = 1; lastKnownFileType = text.xcconfig; name = "Pods-AmbitionsTests.debug.xcconfig"; path = "Target Support Files/Pods-AmbitionsTests/Pods-AmbitionsTests.debug.xcconfig"; sourceTree = "<group>"; };
		B286E44CBAA3686100E4BD1F /* Pods-Ambitions-AmbitionsUITests.release.xcconfig */ = {isa = PBXFileReference; includeInIndex = 1; lastKnownFileType = text.xcconfig; name = "Pods-Ambitions-AmbitionsUITests.release.xcconfig"; path = "Target Support Files/Pods-Ambitions-AmbitionsUITests/Pods-Ambitions-AmbitionsUITests.release.xcconfig"; sourceTree = "<group>"; };
		B8F1A48786ECBB15856498A3 /* Pods-AmbitionsTests.release.xcconfig */ = {isa = PBXFileReference; includeInIndex = 1; lastKnownFileType = text.xcconfig; name = "Pods-AmbitionsTests.release.xcconfig"; path = "Target Support Files/Pods-AmbitionsTests/Pods-AmbitionsTests.release.xcconfig"; sourceTree = "<group>"; };
		E8F2263510FCFDCA9B39F474 /* Pods_AmbitionsTests.framework */ = {isa = PBXFileReference; explicitFileType = wrapper.framework; includeInIndex = 0; path = Pods_AmbitionsTests.framework; sourceTree = BUILT_PRODUCTS_DIR; };
/* End PBXFileReference section */

/* Begin PBXFrameworksBuildPhase section */
		59544B1223223189002309CD /* Frameworks */ = {
			isa = PBXFrameworksBuildPhase;
			buildActionMask = 2147483647;
			files = (
				67BC1465C53E2B5D5A0CA4FC /* Pods_Ambitions.framework in Frameworks */,
			);
			runOnlyForDeploymentPostprocessing = 0;
		};
		59544B292322318C002309CD /* Frameworks */ = {
			isa = PBXFrameworksBuildPhase;
			buildActionMask = 2147483647;
			files = (
				F03E07834822018422531973 /* Pods_AmbitionsTests.framework in Frameworks */,
			);
			runOnlyForDeploymentPostprocessing = 0;
		};
		59544B342322318C002309CD /* Frameworks */ = {
			isa = PBXFrameworksBuildPhase;
			buildActionMask = 2147483647;
			files = (
				FA065E85E2313C91DC1A3288 /* Pods_Ambitions_AmbitionsUITests.framework in Frameworks */,
			);
			runOnlyForDeploymentPostprocessing = 0;
		};
/* End PBXFrameworksBuildPhase section */

/* Begin PBXGroup section */
		370DF2E8C56217686835B5E0 /* Frameworks */ = {
			isa = PBXGroup;
			children = (
				2055E0CDE381A6CB0D1E79EA /* Pods_Ambitions.framework */,
				1233893914E3F6F79E54B6DD /* Pods_Ambitions_AmbitionsUITests.framework */,
				E8F2263510FCFDCA9B39F474 /* Pods_AmbitionsTests.framework */,
			);
			name = Frameworks;
			sourceTree = "<group>";
		};
		59544B0C23223189002309CD = {
			isa = PBXGroup;
			children = (
				59544B1723223189002309CD /* Ambitions */,
				59544B2F2322318C002309CD /* AmbitionsTests */,
				59544B3A2322318C002309CD /* AmbitionsUITests */,
				59544B1623223189002309CD /* Products */,
				9CA1934C212176EF94143E8C /* Pods */,
				370DF2E8C56217686835B5E0 /* Frameworks */,
			);
			sourceTree = "<group>";
		};
		59544B1623223189002309CD /* Products */ = {
			isa = PBXGroup;
			children = (
				59544B1523223189002309CD /* Ambitions.app */,
				59544B2C2322318C002309CD /* AmbitionsTests.xctest */,
				59544B372322318C002309CD /* AmbitionsUITests.xctest */,
			);
			name = Products;
			sourceTree = "<group>";
		};
		59544B1723223189002309CD /* Ambitions */ = {
			isa = PBXGroup;
			children = (
				59930909257FD89B00FB27B3 /* Ambitions.entitlements */,
				59544B1823223189002309CD /* AppDelegate.swift */,
				59544B1A23223189002309CD /* ViewController.swift */,
				59A54115258A687B005055D7 /* SettingsViewController.swift */,
				59544B1C23223189002309CD /* Main.storyboard */,
				59544B222322318C002309CD /* Assets.xcassets */,
				59544B242322318C002309CD /* LaunchScreen.storyboard */,
				59544B272322318C002309CD /* Info.plist */,
				59544B1F23223189002309CD /* Ambitions.xcdatamodeld */,
			);
			path = Ambitions;
			sourceTree = "<group>";
		};
		59544B2F2322318C002309CD /* AmbitionsTests */ = {
			isa = PBXGroup;
			children = (
				59544B302322318C002309CD /* AmbitionsTests.swift */,
				59544B322322318C002309CD /* Info.plist */,
			);
			path = AmbitionsTests;
			sourceTree = "<group>";
		};
		59544B3A2322318C002309CD /* AmbitionsUITests */ = {
			isa = PBXGroup;
			children = (
				59544B3B2322318C002309CD /* AmbitionsUITests.swift */,
				59544B3D2322318C002309CD /* Info.plist */,
			);
			path = AmbitionsUITests;
			sourceTree = "<group>";
		};
		9CA1934C212176EF94143E8C /* Pods */ = {
			isa = PBXGroup;
			children = (
				4F9CA28CD56A7100EE25C797 /* Pods-Ambitions.debug.xcconfig */,
				1DA41BE614C511F55607978C /* Pods-Ambitions.release.xcconfig */,
				4D27563A9187D03595BEBDD3 /* Pods-Ambitions-AmbitionsUITests.debug.xcconfig */,
				B286E44CBAA3686100E4BD1F /* Pods-Ambitions-AmbitionsUITests.release.xcconfig */,
				601299211381557A9B5065CE /* Pods-AmbitionsTests.debug.xcconfig */,
				B8F1A48786ECBB15856498A3 /* Pods-AmbitionsTests.release.xcconfig */,
			);
			path = Pods;
			sourceTree = "<group>";
		};
/* End PBXGroup section */

/* Begin PBXNativeTarget section */
		59544B1423223189002309CD /* Ambitions */ = {
			isa = PBXNativeTarget;
			buildConfigurationList = 59544B402322318C002309CD /* Build configuration list for PBXNativeTarget "Ambitions" */;
			buildPhases = (
				B53E6ED172F0D243A62A9AC8 /* [CP] Check Pods Manifest.lock */,
				59544B1123223189002309CD /* Sources */,
				59544B1223223189002309CD /* Frameworks */,
				59544B1323223189002309CD /* Resources */,
			);
			buildRules = (
			);
			dependencies = (
			);
			name = Ambitions;
			productName = Ambitions;
			productReference = 59544B1523223189002309CD /* Ambitions.app */;
			productType = "com.apple.product-type.application";
		};
		59544B2B2322318C002309CD /* AmbitionsTests */ = {
			isa = PBXNativeTarget;
			buildConfigurationList = 59544B432322318C002309CD /* Build configuration list for PBXNativeTarget "AmbitionsTests" */;
			buildPhases = (
				0E706845859CD04031F54EBF /* [CP] Check Pods Manifest.lock */,
				59544B282322318C002309CD /* Sources */,
				59544B292322318C002309CD /* Frameworks */,
				59544B2A2322318C002309CD /* Resources */,
			);
			buildRules = (
			);
			dependencies = (
				59544B2E2322318C002309CD /* PBXTargetDependency */,
			);
			name = AmbitionsTests;
			productName = AmbitionsTests;
			productReference = 59544B2C2322318C002309CD /* AmbitionsTests.xctest */;
			productType = "com.apple.product-type.bundle.unit-test";
		};
		59544B362322318C002309CD /* AmbitionsUITests */ = {
			isa = PBXNativeTarget;
			buildConfigurationList = 59544B462322318C002309CD /* Build configuration list for PBXNativeTarget "AmbitionsUITests" */;
			buildPhases = (
				7370C4E970D09109E5DB43B2 /* [CP] Check Pods Manifest.lock */,
				59544B332322318C002309CD /* Sources */,
				59544B342322318C002309CD /* Frameworks */,
				59544B352322318C002309CD /* Resources */,
			);
			buildRules = (
			);
			dependencies = (
				59544B392322318C002309CD /* PBXTargetDependency */,
			);
			name = AmbitionsUITests;
			productName = AmbitionsUITests;
			productReference = 59544B372322318C002309CD /* AmbitionsUITests.xctest */;
			productType = "com.apple.product-type.bundle.ui-testing";
		};
/* End PBXNativeTarget section */

/* Begin PBXProject section */
		59544B0D23223189002309CD /* Project object */ = {
			isa = PBXProject;
			attributes = {
				LastSwiftUpdateCheck = 1030;
				LastUpgradeCheck = 1030;
				ORGANIZATIONNAME = JY;
				TargetAttributes = {
					59544B1423223189002309CD = {
						CreatedOnToolsVersion = 10.3;
					};
					59544B2B2322318C002309CD = {
						CreatedOnToolsVersion = 10.3;
						TestTargetID = 59544B1423223189002309CD;
					};
					59544B362322318C002309CD = {
						CreatedOnToolsVersion = 10.3;
						TestTargetID = 59544B1423223189002309CD;
					};
				};
			};
			buildConfigurationList = 59544B1023223189002309CD /* Build configuration list for PBXProject "Ambitions" */;
			compatibilityVersion = "Xcode 9.3";
			developmentRegion = en;
			hasScannedForEncodings = 0;
			knownRegions = (
				en,
				Base,
			);
			mainGroup = 59544B0C23223189002309CD;
			productRefGroup = 59544B1623223189002309CD /* Products */;
			projectDirPath = "";
			projectRoot = "";
			targets = (
				59544B1423223189002309CD /* Ambitions */,
				59544B2B2322318C002309CD /* AmbitionsTests */,
				59544B362322318C002309CD /* AmbitionsUITests */,
			);
		};
/* End PBXProject section */

/* Begin PBXResourcesBuildPhase section */
		59544B1323223189002309CD /* Resources */ = {
			isa = PBXResourcesBuildPhase;
			buildActionMask = 2147483647;
			files = (
				59544B262322318C002309CD /* LaunchScreen.storyboard in Resources */,
				59544B232322318C002309CD /* Assets.xcassets in Resources */,
				59544B1E23223189002309CD /* Main.storyboard in Resources */,
			);
			runOnlyForDeploymentPostprocessing = 0;
		};
		59544B2A2322318C002309CD /* Resources */ = {
			isa = PBXResourcesBuildPhase;
			buildActionMask = 2147483647;
			files = (
			);
			runOnlyForDeploymentPostprocessing = 0;
		};
		59544B352322318C002309CD /* Resources */ = {
			isa = PBXResourcesBuildPhase;
			buildActionMask = 2147483647;
			files = (
			);
			runOnlyForDeploymentPostprocessing = 0;
		};
/* End PBXResourcesBuildPhase section */

/* Begin PBXShellScriptBuildPhase section */
		0E706845859CD04031F54EBF /* [CP] Check Pods Manifest.lock */ = {
			isa = PBXShellScriptBuildPhase;
			buildActionMask = 2147483647;
			files = (
			);
			inputFileListPaths = (
			);
			inputPaths = (
				"${PODS_PODFILE_DIR_PATH}/Podfile.lock",
				"${PODS_ROOT}/Manifest.lock",
			);
			name = "[CP] Check Pods Manifest.lock";
			outputFileListPaths = (
			);
			outputPaths = (
				"$(DERIVED_FILE_DIR)/Pods-AmbitionsTests-checkManifestLockResult.txt",
			);
			runOnlyForDeploymentPostprocessing = 0;
			shellPath = /bin/sh;
			shellScript = "diff \"${PODS_PODFILE_DIR_PATH}/Podfile.lock\" \"${PODS_ROOT}/Manifest.lock\" > /dev/null\nif [ $? != 0 ] ; then\n    # print error to STDERR\n    echo \"error: The sandbox is not in sync with the Podfile.lock. Run 'pod install' or update your CocoaPods installation.\" >&2\n    exit 1\nfi\n# This output is used by Xcode 'outputs' to avoid re-running this script phase.\necho \"SUCCESS\" > \"${SCRIPT_OUTPUT_FILE_0}\"\n";
			showEnvVarsInLog = 0;
		};
		7370C4E970D09109E5DB43B2 /* [CP] Check Pods Manifest.lock */ = {
			isa = PBXShellScriptBuildPhase;
			buildActionMask = 2147483647;
			files = (
			);
			inputFileListPaths = (
			);
			inputPaths = (
				"${PODS_PODFILE_DIR_PATH}/Podfile.lock",
				"${PODS_ROOT}/Manifest.lock",
			);
			name = "[CP] Check Pods Manifest.lock";
			outputFileListPaths = (
			);
			outputPaths = (
				"$(DERIVED_FILE_DIR)/Pods-Ambitions-AmbitionsUITests-checkManifestLockResult.txt",
			);
			runOnlyForDeploymentPostprocessing = 0;
			shellPath = /bin/sh;
			shellScript = "diff \"${PODS_PODFILE_DIR_PATH}/Podfile.lock\" \"${PODS_ROOT}/Manifest.lock\" > /dev/null\nif [ $? != 0 ] ; then\n    # print error to STDERR\n    echo \"error: The sandbox is not in sync with the Podfile.lock. Run 'pod install' or update your CocoaPods installation.\" >&2\n    exit 1\nfi\n# This output is used by Xcode 'outputs' to avoid re-running this script phase.\necho \"SUCCESS\" > \"${SCRIPT_OUTPUT_FILE_0}\"\n";
			showEnvVarsInLog = 0;
		};
		B53E6ED172F0D243A62A9AC8 /* [CP] Check Pods Manifest.lock */ = {
			isa = PBXShellScriptBuildPhase;
			buildActionMask = 2147483647;
			files = (
			);
			inputFileListPaths = (
			);
			inputPaths = (
				"${PODS_PODFILE_DIR_PATH}/Podfile.lock",
				"${PODS_ROOT}/Manifest.lock",
			);
			name = "[CP] Check Pods Manifest.lock";
			outputFileListPaths = (
			);
			outputPaths = (
				"$(DERIVED_FILE_DIR)/Pods-Ambitions-checkManifestLockResult.txt",
			);
			runOnlyForDeploymentPostprocessing = 0;
			shellPath = /bin/sh;
			shellScript = "diff \"${PODS_PODFILE_DIR_PATH}/Podfile.lock\" \"${PODS_ROOT}/Manifest.lock\" > /dev/null\nif [ $? != 0 ] ; then\n    # print error to STDERR\n    echo \"error: The sandbox is not in sync with the Podfile.lock. Run 'pod install' or update your CocoaPods installation.\" >&2\n    exit 1\nfi\n# This output is used by Xcode 'outputs' to avoid re-running this script phase.\necho \"SUCCESS\" > \"${SCRIPT_OUTPUT_FILE_0}\"\n";
			showEnvVarsInLog = 0;
		};
/* End PBXShellScriptBuildPhase section */

/* Begin PBXSourcesBuildPhase section */
		59544B1123223189002309CD /* Sources */ = {
			isa = PBXSourcesBuildPhase;
			buildActionMask = 2147483647;
			files = (
				59544B1B23223189002309CD /* ViewController.swift in Sources */,
				59544B2123223189002309CD /* Ambitions.xcdatamodeld in Sources */,
				59544B1923223189002309CD /* AppDelegate.swift in Sources */,
				59A54116258A687B005055D7 /* SettingsViewController.swift in Sources */,
			);
			runOnlyForDeploymentPostprocessing = 0;
		};
		59544B282322318C002309CD /* Sources */ = {
			isa = PBXSourcesBuildPhase;
			buildActionMask = 2147483647;
			files = (
				59544B312322318C002309CD /* AmbitionsTests.swift in Sources */,
			);
			runOnlyForDeploymentPostprocessing = 0;
		};
		59544B332322318C002309CD /* Sources */ = {
			isa = PBXSourcesBuildPhase;
			buildActionMask = 2147483647;
			files = (
				59544B3C2322318C002309CD /* AmbitionsUITests.swift in Sources */,
			);
			runOnlyForDeploymentPostprocessing = 0;
		};
/* End PBXSourcesBuildPhase section */

/* Begin PBXTargetDependency section */
		59544B2E2322318C002309CD /* PBXTargetDependency */ = {
			isa = PBXTargetDependency;
			target = 59544B1423223189002309CD /* Ambitions */;
			targetProxy = 59544B2D2322318C002309CD /* PBXContainerItemProxy */;
		};
		59544B392322318C002309CD /* PBXTargetDependency */ = {
			isa = PBXTargetDependency;
			target = 59544B1423223189002309CD /* Ambitions */;
			targetProxy = 59544B382322318C002309CD /* PBXContainerItemProxy */;
		};
/* End PBXTargetDependency section */

/* Begin PBXVariantGroup section */
		59544B1C23223189002309CD /* Main.storyboard */ = {
			isa = PBXVariantGroup;
			children = (
				59544B1D23223189002309CD /* Base */,
			);
			name = Main.storyboard;
			sourceTree = "<group>";
		};
		59544B242322318C002309CD /* LaunchScreen.storyboard */ = {
			isa = PBXVariantGroup;
			children = (
				59544B252322318C002309CD /* Base */,
			);
			name = LaunchScreen.storyboard;
			sourceTree = "<group>";
		};
/* End PBXVariantGroup section */

/* Begin XCBuildConfiguration section */
		59544B3E2322318C002309CD /* Debug */ = {
			isa = XCBuildConfiguration;
			buildSettings = {
				ALWAYS_SEARCH_USER_PATHS = NO;
				CLANG_ANALYZER_NONNULL = YES;
				CLANG_ANALYZER_NUMBER_OBJECT_CONVERSION = YES_AGGRESSIVE;
				CLANG_CXX_LANGUAGE_STANDARD = "gnu++14";
				CLANG_CXX_LIBRARY = "libc++";
				CLANG_ENABLE_MODULES = YES;
				CLANG_ENABLE_OBJC_ARC = YES;
				CLANG_ENABLE_OBJC_WEAK = YES;
				CLANG_WARN_BLOCK_CAPTURE_AUTORELEASING = YES;
				CLANG_WARN_BOOL_CONVERSION = YES;
				CLANG_WARN_COMMA = YES;
				CLANG_WARN_CONSTANT_CONVERSION = YES;
				CLANG_WARN_DEPRECATED_OBJC_IMPLEMENTATIONS = YES;
				CLANG_WARN_DIRECT_OBJC_ISA_USAGE = YES_ERROR;
				CLANG_WARN_DOCUMENTATION_COMMENTS = YES;
				CLANG_WARN_EMPTY_BODY = YES;
				CLANG_WARN_ENUM_CONVERSION = YES;
				CLANG_WARN_INFINITE_RECURSION = YES;
				CLANG_WARN_INT_CONVERSION = YES;
				CLANG_WARN_NON_LITERAL_NULL_CONVERSION = YES;
				CLANG_WARN_OBJC_IMPLICIT_RETAIN_SELF = YES;
				CLANG_WARN_OBJC_LITERAL_CONVERSION = YES;
				CLANG_WARN_OBJC_ROOT_CLASS = YES_ERROR;
				CLANG_WARN_RANGE_LOOP_ANALYSIS = YES;
				CLANG_WARN_STRICT_PROTOTYPES = YES;
				CLANG_WARN_SUSPICIOUS_MOVE = YES;
				CLANG_WARN_UNGUARDED_AVAILABILITY = YES_AGGRESSIVE;
				CLANG_WARN_UNREACHABLE_CODE = YES;
				CLANG_WARN__DUPLICATE_METHOD_MATCH = YES;
				CODE_SIGN_IDENTITY = "iPhone Developer";
				COPY_PHASE_STRIP = NO;
				DEBUG_INFORMATION_FORMAT = dwarf;
				ENABLE_STRICT_OBJC_MSGSEND = YES;
				ENABLE_TESTABILITY = YES;
				GCC_C_LANGUAGE_STANDARD = gnu11;
				GCC_DYNAMIC_NO_PIC = NO;
				GCC_NO_COMMON_BLOCKS = YES;
				GCC_OPTIMIZATION_LEVEL = 0;
				GCC_PREPROCESSOR_DEFINITIONS = (
					"DEBUG=1",
					"$(inherited)",
				);
				GCC_WARN_64_TO_32_BIT_CONVERSION = YES;
				GCC_WARN_ABOUT_RETURN_TYPE = YES_ERROR;
				GCC_WARN_UNDECLARED_SELECTOR = YES;
				GCC_WARN_UNINITIALIZED_AUTOS = YES_AGGRESSIVE;
				GCC_WARN_UNUSED_FUNCTION = YES;
				GCC_WARN_UNUSED_VARIABLE = YES;
				IPHONEOS_DEPLOYMENT_TARGET = 12.4;
				MTL_ENABLE_DEBUG_INFO = INCLUDE_SOURCE;
				MTL_FAST_MATH = YES;
				ONLY_ACTIVE_ARCH = YES;
				SDKROOT = iphoneos;
				SWIFT_ACTIVE_COMPILATION_CONDITIONS = DEBUG;
				SWIFT_OPTIMIZATION_LEVEL = "-Onone";
			};
			name = Debug;
		};
		59544B3F2322318C002309CD /* Release */ = {
			isa = XCBuildConfiguration;
			buildSettings = {
				ALWAYS_SEARCH_USER_PATHS = NO;
				CLANG_ANALYZER_NONNULL = YES;
				CLANG_ANALYZER_NUMBER_OBJECT_CONVERSION = YES_AGGRESSIVE;
				CLANG_CXX_LANGUAGE_STANDARD = "gnu++14";
				CLANG_CXX_LIBRARY = "libc++";
				CLANG_ENABLE_MODULES = YES;
				CLANG_ENABLE_OBJC_ARC = YES;
				CLANG_ENABLE_OBJC_WEAK = YES;
				CLANG_WARN_BLOCK_CAPTURE_AUTORELEASING = YES;
				CLANG_WARN_BOOL_CONVERSION = YES;
				CLANG_WARN_COMMA = YES;
				CLANG_WARN_CONSTANT_CONVERSION = YES;
				CLANG_WARN_DEPRECATED_OBJC_IMPLEMENTATIONS = YES;
				CLANG_WARN_DIRECT_OBJC_ISA_USAGE = YES_ERROR;
				CLANG_WARN_DOCUMENTATION_COMMENTS = YES;
				CLANG_WARN_EMPTY_BODY = YES;
				CLANG_WARN_ENUM_CONVERSION = YES;
				CLANG_WARN_INFINITE_RECURSION = YES;
				CLANG_WARN_INT_CONVERSION = YES;
				CLANG_WARN_NON_LITERAL_NULL_CONVERSION = YES;
				CLANG_WARN_OBJC_IMPLICIT_RETAIN_SELF = YES;
				CLANG_WARN_OBJC_LITERAL_CONVERSION = YES;
				CLANG_WARN_OBJC_ROOT_CLASS = YES_ERROR;
				CLANG_WARN_RANGE_LOOP_ANALYSIS = YES;
				CLANG_WARN_STRICT_PROTOTYPES = YES;
				CLANG_WARN_SUSPICIOUS_MOVE = YES;
				CLANG_WARN_UNGUARDED_AVAILABILITY = YES_AGGRESSIVE;
				CLANG_WARN_UNREACHABLE_CODE = YES;
				CLANG_WARN__DUPLICATE_METHOD_MATCH = YES;
				CODE_SIGN_IDENTITY = "iPhone Developer";
				COPY_PHASE_STRIP = NO;
				DEBUG_INFORMATION_FORMAT = "dwarf-with-dsym";
				ENABLE_NS_ASSERTIONS = NO;
				ENABLE_STRICT_OBJC_MSGSEND = YES;
				GCC_C_LANGUAGE_STANDARD = gnu11;
				GCC_NO_COMMON_BLOCKS = YES;
				GCC_WARN_64_TO_32_BIT_CONVERSION = YES;
				GCC_WARN_ABOUT_RETURN_TYPE = YES_ERROR;
				GCC_WARN_UNDECLARED_SELECTOR = YES;
				GCC_WARN_UNINITIALIZED_AUTOS = YES_AGGRESSIVE;
				GCC_WARN_UNUSED_FUNCTION = YES;
				GCC_WARN_UNUSED_VARIABLE = YES;
				IPHONEOS_DEPLOYMENT_TARGET = 12.4;
				MTL_ENABLE_DEBUG_INFO = NO;
				MTL_FAST_MATH = YES;
				SDKROOT = iphoneos;
				SWIFT_COMPILATION_MODE = wholemodule;
				SWIFT_OPTIMIZATION_LEVEL = "-O";
				VALIDATE_PRODUCT = YES;
			};
			name = Release;
		};
		59544B412322318C002309CD /* Debug */ = {
			isa = XCBuildConfiguration;
			baseConfigurationReference = 4F9CA28CD56A7100EE25C797 /* Pods-Ambitions.debug.xcconfig */;
			buildSettings = {
				ASSETCATALOG_COMPILER_APPICON_NAME = AppIcon;
				CODE_SIGN_ENTITLEMENTS = Ambitions/Ambitions.entitlements;
				CODE_SIGN_STYLE = Automatic;
				DEVELOPMENT_TEAM = DR4WPFLXBN;
				INFOPLIST_FILE = Ambitions/Info.plist;
				"IPHONEOS_DEPLOYMENT_TARGET[sdk=macosx*]" = 14.2;
				LD_RUNPATH_SEARCH_PATHS = (
					"$(inherited)",
					"@executable_path/Frameworks",
				);
				PRODUCT_BUNDLE_IDENTIFIER = com.jiyoung.Ambitions;
				PRODUCT_NAME = "$(TARGET_NAME)";
				SUPPORTS_MACCATALYST = YES;
				SWIFT_VERSION = 5.0;
				TARGETED_DEVICE_FAMILY = "1,2,6";
			};
			name = Debug;
		};
		59544B422322318C002309CD /* Release */ = {
			isa = XCBuildConfiguration;
			baseConfigurationReference = 1DA41BE614C511F55607978C /* Pods-Ambitions.release.xcconfig */;
			buildSettings = {
				ASSETCATALOG_COMPILER_APPICON_NAME = AppIcon;
				CODE_SIGN_ENTITLEMENTS = Ambitions/Ambitions.entitlements;
				CODE_SIGN_STYLE = Automatic;
				DEVELOPMENT_TEAM = DR4WPFLXBN;
				INFOPLIST_FILE = Ambitions/Info.plist;
				"IPHONEOS_DEPLOYMENT_TARGET[sdk=macosx*]" = 14.2;
				LD_RUNPATH_SEARCH_PATHS = (
					"$(inherited)",
					"@executable_path/Frameworks",
				);
				PRODUCT_BUNDLE_IDENTIFIER = com.jiyoung.Ambitions;
				PRODUCT_NAME = "$(TARGET_NAME)";
				SUPPORTS_MACCATALYST = YES;
				SWIFT_VERSION = 5.0;
				TARGETED_DEVICE_FAMILY = "1,2,6";
			};
			name = Release;
		};
		59544B442322318C002309CD /* Debug */ = {
			isa = XCBuildConfiguration;
			baseConfigurationReference = 601299211381557A9B5065CE /* Pods-AmbitionsTests.debug.xcconfig */;
			buildSettings = {
				ALWAYS_EMBED_SWIFT_STANDARD_LIBRARIES = YES;
				BUNDLE_LOADER = "$(TEST_HOST)";
				CODE_SIGN_STYLE = Automatic;
				DEVELOPMENT_TEAM = DR4WPFLXBN;
				INFOPLIST_FILE = AmbitionsTests/Info.plist;
				LD_RUNPATH_SEARCH_PATHS = (
					"$(inherited)",
					"@executable_path/Frameworks",
					"@loader_path/Frameworks",
				);
				PRODUCT_BUNDLE_IDENTIFIER = com.jiyoung.AmbitionsTests;
				PRODUCT_NAME = "$(TARGET_NAME)";
				SWIFT_VERSION = 5.0;
				TARGETED_DEVICE_FAMILY = "1,2";
				TEST_HOST = "$(BUILT_PRODUCTS_DIR)/Ambitions.app/Ambitions";
			};
			name = Debug;
		};
		59544B452322318C002309CD /* Release */ = {
			isa = XCBuildConfiguration;
			baseConfigurationReference = B8F1A48786ECBB15856498A3 /* Pods-AmbitionsTests.release.xcconfig */;
			buildSettings = {
				ALWAYS_EMBED_SWIFT_STANDARD_LIBRARIES = YES;
				BUNDLE_LOADER = "$(TEST_HOST)";
				CODE_SIGN_STYLE = Automatic;
				DEVELOPMENT_TEAM = DR4WPFLXBN;
				INFOPLIST_FILE = AmbitionsTests/Info.plist;
				LD_RUNPATH_SEARCH_PATHS = (
					"$(inherited)",
					"@executable_path/Frameworks",
					"@loader_path/Frameworks",
				);
				PRODUCT_BUNDLE_IDENTIFIER = com.jiyoung.AmbitionsTests;
				PRODUCT_NAME = "$(TARGET_NAME)";
				SWIFT_VERSION = 5.0;
				TARGETED_DEVICE_FAMILY = "1,2";
				TEST_HOST = "$(BUILT_PRODUCTS_DIR)/Ambitions.app/Ambitions";
			};
			name = Release;
		};
		59544B472322318C002309CD /* Debug */ = {
			isa = XCBuildConfiguration;
			baseConfigurationReference = 4D27563A9187D03595BEBDD3 /* Pods-Ambitions-AmbitionsUITests.debug.xcconfig */;
			buildSettings = {
				ALWAYS_EMBED_SWIFT_STANDARD_LIBRARIES = YES;
				CODE_SIGN_STYLE = Automatic;
				DEVELOPMENT_TEAM = DR4WPFLXBN;
				INFOPLIST_FILE = AmbitionsUITests/Info.plist;
				LD_RUNPATH_SEARCH_PATHS = (
					"$(inherited)",
					"@executable_path/Frameworks",
					"@loader_path/Frameworks",
				);
				PRODUCT_BUNDLE_IDENTIFIER = com.jiyoung.AmbitionsUITests;
				PRODUCT_NAME = "$(TARGET_NAME)";
				SWIFT_VERSION = 5.0;
				TARGETED_DEVICE_FAMILY = "1,2";
				TEST_TARGET_NAME = Ambitions;
			};
			name = Debug;
		};
		59544B482322318C002309CD /* Release */ = {
			isa = XCBuildConfiguration;
			baseConfigurationReference = B286E44CBAA3686100E4BD1F /* Pods-Ambitions-AmbitionsUITests.release.xcconfig */;
			buildSettings = {
				ALWAYS_EMBED_SWIFT_STANDARD_LIBRARIES = YES;
				CODE_SIGN_STYLE = Automatic;
				DEVELOPMENT_TEAM = DR4WPFLXBN;
				INFOPLIST_FILE = AmbitionsUITests/Info.plist;
				LD_RUNPATH_SEARCH_PATHS = (
					"$(inherited)",
					"@executable_path/Frameworks",
					"@loader_path/Frameworks",
				);
				PRODUCT_BUNDLE_IDENTIFIER = com.jiyoung.AmbitionsUITests;
				PRODUCT_NAME = "$(TARGET_NAME)";
				SWIFT_VERSION = 5.0;
				TARGETED_DEVICE_FAMILY = "1,2";
				TEST_TARGET_NAME = Ambitions;
			};
			name = Release;
		};
/* End XCBuildConfiguration section */

/* Begin XCConfigurationList section */
		59544B1023223189002309CD /* Build configuration list for PBXProject "Ambitions" */ = {
			isa = XCConfigurationList;
			buildConfigurations = (
				59544B3E2322318C002309CD /* Debug */,
				59544B3F2322318C002309CD /* Release */,
			);
			defaultConfigurationIsVisible = 0;
			defaultConfigurationName = Release;
		};
		59544B402322318C002309CD /* Build configuration list for PBXNativeTarget "Ambitions" */ = {
			isa = XCConfigurationList;
			buildConfigurations = (
				59544B412322318C002309CD /* Debug */,
				59544B422322318C002309CD /* Release */,
			);
			defaultConfigurationIsVisible = 0;
			defaultConfigurationName = Release;
		};
		59544B432322318C002309CD /* Build configuration list for PBXNativeTarget "AmbitionsTests" */ = {
			isa = XCConfigurationList;
			buildConfigurations = (
				59544B442322318C002309CD /* Debug */,
				59544B452322318C002309CD /* Release */,
			);
			defaultConfigurationIsVisible = 0;
			defaultConfigurationName = Release;
		};
		59544B462322318C002309CD /* Build configuration list for PBXNativeTarget "AmbitionsUITests" */ = {
			isa = XCConfigurationList;
			buildConfigurations = (
				59544B472322318C002309CD /* Debug */,
				59544B482322318C002309CD /* Release */,
			);
			defaultConfigurationIsVisible = 0;
			defaultConfigurationName = Release;
		};
/* End XCConfigurationList section */

/* Begin XCVersionGroup section */
		59544B1F23223189002309CD /* Ambitions.xcdatamodeld */ = {
			isa = XCVersionGroup;
			children = (
				59544B2023223189002309CD /* Ambitions.xcdatamodel */,
			);
			currentVersion = 59544B2023223189002309CD /* Ambitions.xcdatamodel */;
			path = Ambitions.xcdatamodeld;
			sourceTree = "<group>";
			versionGroupType = wrapper.xcdatamodel;
		};
/* End XCVersionGroup section */
	};
	rootObject = 59544B0D23223189002309CD /* Project object */;
}
